
Microsoft Visual Studio Solution File, Format Version 12.00
# Visual Studio Version 17
VisualStudioVersion = 17.11.35327.3
MinimumVisualStudioVersion = 10.0.40219.1
Project("{FAE04EC0-301F-11D3-BF4B-00C04F79EFBC}") = "EjercicioCapas", "EjercicioCapas\EjercicioCapas.csproj", "{9AE86727-BDE8-494C-B773-103FC57AE164}"
EndProject
Global
	GlobalSection(SolutionConfigurationPlatforms) = preSolution
		Debug|Any CPU = Debug|Any CPU
		Release|Any CPU = Release|Any CPU
	EndGlobalSection
	GlobalSection(ProjectConfigurationPlatforms) = postSolution
		{9AE86727-BDE8-494C-B773-103FC57AE164}.Debug|Any CPU.ActiveCfg = Debug|Any CPU
		{9AE86727-BDE8-494C-B773-103FC57AE164}.Debug|Any CPU.Build.0 = Debug|Any CPU
		{9AE86727-BDE8-494C-B773-103FC57AE164}.Release|Any CPU.ActiveCfg = Release|Any CPU
		{9AE86727-BDE8-494C-B773-103FC57AE164}.Release|Any CPU.Build.0 = Release|Any CPU
	EndGlobalSection
	GlobalSection(SolutionProperties) = preSolution
		HideSolutionNode = FALSE
	EndGlobalSection
	GlobalSection(ExtensibilityGlobals) = postSolution
		SolutionGuid = {EC26926D-35D6-4654-A2A1-71D4669472B3}
	EndGlobalSection
EndGlobal
